// !$*UTF8*$!
{
	archiveVersion = 1;
	classes = {
	};
	objectVersion = 50;
	objects = {

/* Begin PBXBuildFile section */
		EAC497742386664B00D2A75A /* mock_reddit_posts.json in Resources */ = {isa = PBXBuildFile; fileRef = EAC497732386664B00D2A75A /* mock_reddit_posts.json */; };
		EACCF9152386EFA900F8FB36 /* LocalDataService.swift in Sources */ = {isa = PBXBuildFile; fileRef = EACCF9142386EFA900F8FB36 /* LocalDataService.swift */; };
		EACCF9162386F11200F8FB36 /* LocalDataService.swift in Sources */ = {isa = PBXBuildFile; fileRef = EACCF9142386EFA900F8FB36 /* LocalDataService.swift */; };
		EACCF9172386F13500F8FB36 /* RedditPostModels.swift in Sources */ = {isa = PBXBuildFile; fileRef = EAEE29A9234305FF00EADD04 /* RedditPostModels.swift */; };
		EAEE2991234304A100EADD04 /* AppDelegate.swift in Sources */ = {isa = PBXBuildFile; fileRef = EAEE2990234304A100EADD04 /* AppDelegate.swift */; };
		EAEE2993234304A100EADD04 /* SceneDelegate.swift in Sources */ = {isa = PBXBuildFile; fileRef = EAEE2992234304A100EADD04 /* SceneDelegate.swift */; };
		EAEE2995234304A100EADD04 /* ContentView.swift in Sources */ = {isa = PBXBuildFile; fileRef = EAEE2994234304A100EADD04 /* ContentView.swift */; };
		EAEE2997234304A200EADD04 /* Assets.xcassets in Resources */ = {isa = PBXBuildFile; fileRef = EAEE2996234304A200EADD04 /* Assets.xcassets */; };
		EAEE299A234304A200EADD04 /* Preview Assets.xcassets in Resources */ = {isa = PBXBuildFile; fileRef = EAEE2999234304A200EADD04 /* Preview Assets.xcassets */; };
		EAEE299D234304A200EADD04 /* LaunchScreen.storyboard in Resources */ = {isa = PBXBuildFile; fileRef = EAEE299B234304A200EADD04 /* LaunchScreen.storyboard */; };
		EAEE29A52343059300EADD04 /* PostCellView.swift in Sources */ = {isa = PBXBuildFile; fileRef = EAEE29A42343059300EADD04 /* PostCellView.swift */; };
		EAEE29AA234305FF00EADD04 /* RedditPostModels.swift in Sources */ = {isa = PBXBuildFile; fileRef = EAEE29A9234305FF00EADD04 /* RedditPostModels.swift */; };
		EAEE29AC234306F600EADD04 /* RedditSubredditModels.swift in Sources */ = {isa = PBXBuildFile; fileRef = EAEE29AB234306F600EADD04 /* RedditSubredditModels.swift */; };
		EAEE29AE234307A200EADD04 /* RedditPostDownloader.swift in Sources */ = {isa = PBXBuildFile; fileRef = EAEE29AD234307A200EADD04 /* RedditPostDownloader.swift */; };
		EAEE29EC23430CD300EADD04 /* PulsrTests.swift in Sources */ = {isa = PBXBuildFile; fileRef = EAEE29EB23430CD300EADD04 /* PulsrTests.swift */; };
/* End PBXBuildFile section */

/* Begin PBXContainerItemProxy section */
		EAEE29EE23430CD300EADD04 /* PBXContainerItemProxy */ = {
			isa = PBXContainerItemProxy;
			containerPortal = EAEE2985234304A100EADD04 /* Project object */;
			proxyType = 1;
			remoteGlobalIDString = EAEE298C234304A100EADD04;
			remoteInfo = Pulsr;
		};
/* End PBXContainerItemProxy section */

/* Begin PBXFileReference section */
		EAC497732386664B00D2A75A /* mock_reddit_posts.json */ = {isa = PBXFileReference; lastKnownFileType = text.json; path = mock_reddit_posts.json; sourceTree = "<group>"; };
		EACCF9142386EFA900F8FB36 /* LocalDataService.swift */ = {isa = PBXFileReference; lastKnownFileType = sourcecode.swift; path = LocalDataService.swift; sourceTree = "<group>"; };
		EAEE298D234304A100EADD04 /* Pulsr.app */ = {isa = PBXFileReference; explicitFileType = wrapper.application; includeInIndex = 0; path = Pulsr.app; sourceTree = BUILT_PRODUCTS_DIR; };
		EAEE2990234304A100EADD04 /* AppDelegate.swift */ = {isa = PBXFileReference; lastKnownFileType = sourcecode.swift; path = AppDelegate.swift; sourceTree = "<group>"; };
		EAEE2992234304A100EADD04 /* SceneDelegate.swift */ = {isa = PBXFileReference; lastKnownFileType = sourcecode.swift; path = SceneDelegate.swift; sourceTree = "<group>"; };
		EAEE2994234304A100EADD04 /* ContentView.swift */ = {isa = PBXFileReference; lastKnownFileType = sourcecode.swift; path = ContentView.swift; sourceTree = "<group>"; };
		EAEE2996234304A200EADD04 /* Assets.xcassets */ = {isa = PBXFileReference; lastKnownFileType = folder.assetcatalog; path = Assets.xcassets; sourceTree = "<group>"; };
		EAEE2999234304A200EADD04 /* Preview Assets.xcassets */ = {isa = PBXFileReference; lastKnownFileType = folder.assetcatalog; path = "Preview Assets.xcassets"; sourceTree = "<group>"; };
		EAEE299C234304A200EADD04 /* Base */ = {isa = PBXFileReference; lastKnownFileType = file.storyboard; name = Base; path = Base.lproj/LaunchScreen.storyboard; sourceTree = "<group>"; };
		EAEE299E234304A200EADD04 /* Info.plist */ = {isa = PBXFileReference; lastKnownFileType = text.plist.xml; path = Info.plist; sourceTree = "<group>"; };
		EAEE29A42343059300EADD04 /* PostCellView.swift */ = {isa = PBXFileReference; lastKnownFileType = sourcecode.swift; path = PostCellView.swift; sourceTree = "<group>"; };
		EAEE29A9234305FF00EADD04 /* RedditPostModels.swift */ = {isa = PBXFileReference; lastKnownFileType = sourcecode.swift; path = RedditPostModels.swift; sourceTree = "<group>"; };
		EAEE29AB234306F600EADD04 /* RedditSubredditModels.swift */ = {isa = PBXFileReference; lastKnownFileType = sourcecode.swift; path = RedditSubredditModels.swift; sourceTree = "<group>"; };
		EAEE29AD234307A200EADD04 /* RedditPostDownloader.swift */ = {isa = PBXFileReference; lastKnownFileType = sourcecode.swift; path = RedditPostDownloader.swift; sourceTree = "<group>"; };
		EAEE29E923430CD300EADD04 /* PulsrTests.xctest */ = {isa = PBXFileReference; explicitFileType = wrapper.cfbundle; includeInIndex = 0; path = PulsrTests.xctest; sourceTree = BUILT_PRODUCTS_DIR; };
		EAEE29EB23430CD300EADD04 /* PulsrTests.swift */ = {isa = PBXFileReference; lastKnownFileType = sourcecode.swift; path = PulsrTests.swift; sourceTree = "<group>"; };
		EAEE29ED23430CD300EADD04 /* Info.plist */ = {isa = PBXFileReference; lastKnownFileType = text.plist.xml; path = Info.plist; sourceTree = "<group>"; };
/* End PBXFileReference section */

/* Begin PBXFrameworksBuildPhase section */
		EAEE298A234304A100EADD04 /* Frameworks */ = {
			isa = PBXFrameworksBuildPhase;
			buildActionMask = 2147483647;
			files = (
			);
			runOnlyForDeploymentPostprocessing = 0;
		};
		EAEE29E623430CD300EADD04 /* Frameworks */ = {
			isa = PBXFrameworksBuildPhase;
			buildActionMask = 2147483647;
			files = (
			);
			runOnlyForDeploymentPostprocessing = 0;
		};
/* End PBXFrameworksBuildPhase section */

/* Begin PBXGroup section */
		EAEE2984234304A100EADD04 = {
			isa = PBXGroup;
			children = (
				EAEE298F234304A100EADD04 /* Pulsr */,
				EAEE29EA23430CD300EADD04 /* PulsrTests */,
				EAEE298E234304A100EADD04 /* Products */,
			);
			sourceTree = "<group>";
		};
		EAEE298E234304A100EADD04 /* Products */ = {
			isa = PBXGroup;
			children = (
				EAEE298D234304A100EADD04 /* Pulsr.app */,
				EAEE29E923430CD300EADD04 /* PulsrTests.xctest */,
			);
			name = Products;
			sourceTree = "<group>";
		};
		EAEE298F234304A100EADD04 /* Pulsr */ = {
			isa = PBXGroup;
			children = (
				EAEE2990234304A100EADD04 /* AppDelegate.swift */,
				EAEE2992234304A100EADD04 /* SceneDelegate.swift */,
				EAEE29A6234305D300EADD04 /* View Layer */,
				EAEE29A8234305E500EADD04 /* Service Layer */,
				EAEE29A7234305DD00EADD04 /* Model Layer */,
				EAEE2996234304A200EADD04 /* Assets.xcassets */,
				EAEE299B234304A200EADD04 /* LaunchScreen.storyboard */,
				EAEE299E234304A200EADD04 /* Info.plist */,
				EAEE2998234304A200EADD04 /* Preview Content */,
			);
			path = Pulsr;
			sourceTree = "<group>";
		};
		EAEE2998234304A200EADD04 /* Preview Content */ = {
			isa = PBXGroup;
			children = (
				EAEE2999234304A200EADD04 /* Preview Assets.xcassets */,
			);
			path = "Preview Content";
			sourceTree = "<group>";
		};
		EAEE29A6234305D300EADD04 /* View Layer */ = {
			isa = PBXGroup;
			children = (
				EAEE2994234304A100EADD04 /* ContentView.swift */,
				EAEE29A42343059300EADD04 /* PostCellView.swift */,
			);
			path = "View Layer";
			sourceTree = "<group>";
		};
		EAEE29A7234305DD00EADD04 /* Model Layer */ = {
			isa = PBXGroup;
			children = (
				EAEE29A9234305FF00EADD04 /* RedditPostModels.swift */,
				EAEE29AB234306F600EADD04 /* RedditSubredditModels.swift */,
				EAC497732386664B00D2A75A /* mock_reddit_posts.json */,
			);
			path = "Model Layer";
			sourceTree = "<group>";
		};
		EAEE29A8234305E500EADD04 /* Service Layer */ = {
			isa = PBXGroup;
			children = (
				EAEE29AD234307A200EADD04 /* RedditPostDownloader.swift */,
				EACCF9142386EFA900F8FB36 /* LocalDataService.swift */,
			);
			path = "Service Layer";
			sourceTree = "<group>";
		};
		EAEE29EA23430CD300EADD04 /* PulsrTests */ = {
			isa = PBXGroup;
			children = (
				EAEE29EB23430CD300EADD04 /* PulsrTests.swift */,
				EAEE29ED23430CD300EADD04 /* Info.plist */,
			);
			path = PulsrTests;
			sourceTree = "<group>";
		};
/* End PBXGroup section */

/* Begin PBXNativeTarget section */
		EAEE298C234304A100EADD04 /* Pulsr */ = {
			isa = PBXNativeTarget;
			buildConfigurationList = EAEE29A1234304A200EADD04 /* Build configuration list for PBXNativeTarget "Pulsr" */;
			buildPhases = (
				EAEE2989234304A100EADD04 /* Sources */,
				EAEE298A234304A100EADD04 /* Frameworks */,
				EAEE298B234304A100EADD04 /* Resources */,
			);
			buildRules = (
			);
			dependencies = (
			);
			name = Pulsr;
			productName = Pulsr;
			productReference = EAEE298D234304A100EADD04 /* Pulsr.app */;
			productType = "com.apple.product-type.application";
		};
		EAEE29E823430CD300EADD04 /* PulsrTests */ = {
			isa = PBXNativeTarget;
			buildConfigurationList = EAEE29F023430CD300EADD04 /* Build configuration list for PBXNativeTarget "PulsrTests" */;
			buildPhases = (
				EAEE29E523430CD300EADD04 /* Sources */,
				EAEE29E623430CD300EADD04 /* Frameworks */,
				EAEE29E723430CD300EADD04 /* Resources */,
			);
			buildRules = (
			);
			dependencies = (
				EAEE29EF23430CD300EADD04 /* PBXTargetDependency */,
			);
			name = PulsrTests;
			productName = PulsrTests;
			productReference = EAEE29E923430CD300EADD04 /* PulsrTests.xctest */;
			productType = "com.apple.product-type.bundle.unit-test";
		};
/* End PBXNativeTarget section */

/* Begin PBXProject section */
		EAEE2985234304A100EADD04 /* Project object */ = {
			isa = PBXProject;
			attributes = {
				LastSwiftUpdateCheck = 1100;
				LastUpgradeCheck = 1100;
				ORGANIZATIONNAME = "Daniel Yount";
				TargetAttributes = {
					EAEE298C234304A100EADD04 = {
						CreatedOnToolsVersion = 11.0;
					};
					EAEE29E823430CD300EADD04 = {
						CreatedOnToolsVersion = 11.0;
						TestTargetID = EAEE298C234304A100EADD04;
					};
				};
			};
			buildConfigurationList = EAEE2988234304A100EADD04 /* Build configuration list for PBXProject "Pulsr" */;
			compatibilityVersion = "Xcode 9.3";
			developmentRegion = en;
			hasScannedForEncodings = 0;
			knownRegions = (
				en,
				Base,
			);
			mainGroup = EAEE2984234304A100EADD04;
			productRefGroup = EAEE298E234304A100EADD04 /* Products */;
			projectDirPath = "";
			projectRoot = "";
			targets = (
				EAEE298C234304A100EADD04 /* Pulsr */,
				EAEE29E823430CD300EADD04 /* PulsrTests */,
			);
		};
/* End PBXProject section */

/* Begin PBXResourcesBuildPhase section */
		EAEE298B234304A100EADD04 /* Resources */ = {
			isa = PBXResourcesBuildPhase;
			buildActionMask = 2147483647;
			files = (
				EAEE299D234304A200EADD04 /* LaunchScreen.storyboard in Resources */,
				EAEE299A234304A200EADD04 /* Preview Assets.xcassets in Resources */,
				EAEE2997234304A200EADD04 /* Assets.xcassets in Resources */,
				EAC497742386664B00D2A75A /* mock_reddit_posts.json in Resources */,
			);
			runOnlyForDeploymentPostprocessing = 0;
		};
		EAEE29E723430CD300EADD04 /* Resources */ = {
			isa = PBXResourcesBuildPhase;
			buildActionMask = 2147483647;
			files = (
			);
			runOnlyForDeploymentPostprocessing = 0;
		};
/* End PBXResourcesBuildPhase section */

/* Begin PBXSourcesBuildPhase section */
		EAEE2989234304A100EADD04 /* Sources */ = {
			isa = PBXSourcesBuildPhase;
			buildActionMask = 2147483647;
			files = (
				EAEE2991234304A100EADD04 /* AppDelegate.swift in Sources */,
				EAEE2993234304A100EADD04 /* SceneDelegate.swift in Sources */,
				EAEE29AC234306F600EADD04 /* RedditSubredditModels.swift in Sources */,
				EAEE29AA234305FF00EADD04 /* RedditPostModels.swift in Sources */,
				EAEE29A52343059300EADD04 /* PostCellView.swift in Sources */,
				EAEE29AE234307A200EADD04 /* RedditPostDownloader.swift in Sources */,
				EAEE2995234304A100EADD04 /* ContentView.swift in Sources */,
				EACCF9152386EFA900F8FB36 /* LocalDataService.swift in Sources */,
			);
			runOnlyForDeploymentPostprocessing = 0;
		};
		EAEE29E523430CD300EADD04 /* Sources */ = {
			isa = PBXSourcesBuildPhase;
			buildActionMask = 2147483647;
			files = (
				EAEE29EC23430CD300EADD04 /* PulsrTests.swift in Sources */,
				EACCF9172386F13500F8FB36 /* RedditPostModels.swift in Sources */,
				EACCF9162386F11200F8FB36 /* LocalDataService.swift in Sources */,
			);
			runOnlyForDeploymentPostprocessing = 0;
		};
/* End PBXSourcesBuildPhase section */

/* Begin PBXTargetDependency section */
		EAEE29EF23430CD300EADD04 /* PBXTargetDependency */ = {
			isa = PBXTargetDependency;
			target = EAEE298C234304A100EADD04 /* Pulsr */;
			targetProxy = EAEE29EE23430CD300EADD04 /* PBXContainerItemProxy */;
		};
/* End PBXTargetDependency section */

/* Begin PBXVariantGroup section */
		EAEE299B234304A200EADD04 /* LaunchScreen.storyboard */ = {
			isa = PBXVariantGroup;
			children = (
				EAEE299C234304A200EADD04 /* Base */,
			);
			name = LaunchScreen.storyboard;
			sourceTree = "<group>";
		};
/* End PBXVariantGroup section */

/* Begin XCBuildConfiguration section */
		EAEE299F234304A200EADD04 /* Debug */ = {
			isa = XCBuildConfiguration;
			buildSettings = {
				ALWAYS_SEARCH_USER_PATHS = NO;
				CLANG_ANALYZER_NONNULL = YES;
				CLANG_ANALYZER_NUMBER_OBJECT_CONVERSION = YES_AGGRESSIVE;
				CLANG_CXX_LANGUAGE_STANDARD = "gnu++14";
				CLANG_CXX_LIBRARY = "libc++";
				CLANG_ENABLE_MODULES = YES;
				CLANG_ENABLE_OBJC_ARC = YES;
				CLANG_ENABLE_OBJC_WEAK = YES;
				CLANG_WARN_BLOCK_CAPTURE_AUTORELEASING = YES;
				CLANG_WARN_BOOL_CONVERSION = YES;
				CLANG_WARN_COMMA = YES;
				CLANG_WARN_CONSTANT_CONVERSION = YES;
				CLANG_WARN_DEPRECATED_OBJC_IMPLEMENTATIONS = YES;
				CLANG_WARN_DIRECT_OBJC_ISA_USAGE = YES_ERROR;
				CLANG_WARN_DOCUMENTATION_COMMENTS = YES;
				CLANG_WARN_EMPTY_BODY = YES;
				CLANG_WARN_ENUM_CONVERSION = YES;
				CLANG_WARN_INFINITE_RECURSION = YES;
				CLANG_WARN_INT_CONVERSION = YES;
				CLANG_WARN_NON_LITERAL_NULL_CONVERSION = YES;
				CLANG_WARN_OBJC_IMPLICIT_RETAIN_SELF = YES;
				CLANG_WARN_OBJC_LITERAL_CONVERSION = YES;
				CLANG_WARN_OBJC_ROOT_CLASS = YES_ERROR;
				CLANG_WARN_RANGE_LOOP_ANALYSIS = YES;
				CLANG_WARN_STRICT_PROTOTYPES = YES;
				CLANG_WARN_SUSPICIOUS_MOVE = YES;
				CLANG_WARN_UNGUARDED_AVAILABILITY = YES_AGGRESSIVE;
				CLANG_WARN_UNREACHABLE_CODE = YES;
				CLANG_WARN__DUPLICATE_METHOD_MATCH = YES;
				COPY_PHASE_STRIP = NO;
				DEBUG_INFORMATION_FORMAT = dwarf;
				ENABLE_STRICT_OBJC_MSGSEND = YES;
				ENABLE_TESTABILITY = YES;
				GCC_C_LANGUAGE_STANDARD = gnu11;
				GCC_DYNAMIC_NO_PIC = NO;
				GCC_NO_COMMON_BLOCKS = YES;
				GCC_OPTIMIZATION_LEVEL = 0;
				GCC_PREPROCESSOR_DEFINITIONS = (
					"DEBUG=1",
					"$(inherited)",
				);
				GCC_WARN_64_TO_32_BIT_CONVERSION = YES;
				GCC_WARN_ABOUT_RETURN_TYPE = YES_ERROR;
				GCC_WARN_UNDECLARED_SELECTOR = YES;
				GCC_WARN_UNINITIALIZED_AUTOS = YES_AGGRESSIVE;
				GCC_WARN_UNUSED_FUNCTION = YES;
				GCC_WARN_UNUSED_VARIABLE = YES;
				IPHONEOS_DEPLOYMENT_TARGET = 13.0;
				MTL_ENABLE_DEBUG_INFO = INCLUDE_SOURCE;
				MTL_FAST_MATH = YES;
				ONLY_ACTIVE_ARCH = YES;
				SDKROOT = iphoneos;
				SWIFT_ACTIVE_COMPILATION_CONDITIONS = DEBUG;
				SWIFT_OPTIMIZATION_LEVEL = "-Onone";
			};
			name = Debug;
		};
		EAEE29A0234304A200EADD04 /* Release */ = {
			isa = XCBuildConfiguration;
			buildSettings = {
				ALWAYS_SEARCH_USER_PATHS = NO;
				CLANG_ANALYZER_NONNULL = YES;
				CLANG_ANALYZER_NUMBER_OBJECT_CONVERSION = YES_AGGRESSIVE;
				CLANG_CXX_LANGUAGE_STANDARD = "gnu++14";
				CLANG_CXX_LIBRARY = "libc++";
				CLANG_ENABLE_MODULES = YES;
				CLANG_ENABLE_OBJC_ARC = YES;
				CLANG_ENABLE_OBJC_WEAK = YES;
				CLANG_WARN_BLOCK_CAPTURE_AUTORELEASING = YES;
				CLANG_WARN_BOOL_CONVERSION = YES;
				CLANG_WARN_COMMA = YES;
				CLANG_WARN_CONSTANT_CONVERSION = YES;
				CLANG_WARN_DEPRECATED_OBJC_IMPLEMENTATIONS = YES;
				CLANG_WARN_DIRECT_OBJC_ISA_USAGE = YES_ERROR;
				CLANG_WARN_DOCUMENTATION_COMMENTS = YES;
				CLANG_WARN_EMPTY_BODY = YES;
				CLANG_WARN_ENUM_CONVERSION = YES;
				CLANG_WARN_INFINITE_RECURSION = YES;
				CLANG_WARN_INT_CONVERSION = YES;
				CLANG_WARN_NON_LITERAL_NULL_CONVERSION = YES;
				CLANG_WARN_OBJC_IMPLICIT_RETAIN_SELF = YES;
				CLANG_WARN_OBJC_LITERAL_CONVERSION = YES;
				CLANG_WARN_OBJC_ROOT_CLASS = YES_ERROR;
				CLANG_WARN_RANGE_LOOP_ANALYSIS = YES;
				CLANG_WARN_STRICT_PROTOTYPES = YES;
				CLANG_WARN_SUSPICIOUS_MOVE = YES;
				CLANG_WARN_UNGUARDED_AVAILABILITY = YES_AGGRESSIVE;
				CLANG_WARN_UNREACHABLE_CODE = YES;
				CLANG_WARN__DUPLICATE_METHOD_MATCH = YES;
				COPY_PHASE_STRIP = NO;
				DEBUG_INFORMATION_FORMAT = "dwarf-with-dsym";
				ENABLE_NS_ASSERTIONS = NO;
				ENABLE_STRICT_OBJC_MSGSEND = YES;
				GCC_C_LANGUAGE_STANDARD = gnu11;
				GCC_NO_COMMON_BLOCKS = YES;
				GCC_WARN_64_TO_32_BIT_CONVERSION = YES;
				GCC_WARN_ABOUT_RETURN_TYPE = YES_ERROR;
				GCC_WARN_UNDECLARED_SELECTOR = YES;
				GCC_WARN_UNINITIALIZED_AUTOS = YES_AGGRESSIVE;
				GCC_WARN_UNUSED_FUNCTION = YES;
				GCC_WARN_UNUSED_VARIABLE = YES;
				IPHONEOS_DEPLOYMENT_TARGET = 13.0;
				MTL_ENABLE_DEBUG_INFO = NO;
				MTL_FAST_MATH = YES;
				SDKROOT = iphoneos;
				SWIFT_COMPILATION_MODE = wholemodule;
				SWIFT_OPTIMIZATION_LEVEL = "-O";
				VALIDATE_PRODUCT = YES;
			};
			name = Release;
		};
		EAEE29A2234304A200EADD04 /* Debug */ = {
			isa = XCBuildConfiguration;
			buildSettings = {
				ASSETCATALOG_COMPILER_APPICON_NAME = AppIcon;
				CODE_SIGN_STYLE = Automatic;
				DEVELOPMENT_ASSET_PATHS = "\"Pulsr/Preview Content\"";
				DEVELOPMENT_TEAM = 93KKH99Z5P;
				ENABLE_PREVIEWS = YES;
				INFOPLIST_FILE = Pulsr/Info.plist;
				LD_RUNPATH_SEARCH_PATHS = (
					"$(inherited)",
					"@executable_path/Frameworks",
				);
				PRODUCT_BUNDLE_IDENTIFIER = com.danielyount.RedditRealTime;
				PRODUCT_NAME = "$(TARGET_NAME)";
				SWIFT_VERSION = 5.0;
				TARGETED_DEVICE_FAMILY = "1,2";
			};
			name = Debug;
		};
		EAEE29A3234304A200EADD04 /* Release */ = {
			isa = XCBuildConfiguration;
			buildSettings = {
				ASSETCATALOG_COMPILER_APPICON_NAME = AppIcon;
				CODE_SIGN_STYLE = Automatic;
				DEVELOPMENT_ASSET_PATHS = "\"Pulsr/Preview Content\"";
				DEVELOPMENT_TEAM = 93KKH99Z5P;
				ENABLE_PREVIEWS = YES;
				INFOPLIST_FILE = Pulsr/Info.plist;
				LD_RUNPATH_SEARCH_PATHS = (
					"$(inherited)",
					"@executable_path/Frameworks",
				);
				PRODUCT_BUNDLE_IDENTIFIER = com.danielyount.RedditRealTime;
				PRODUCT_NAME = "$(TARGET_NAME)";
				SWIFT_VERSION = 5.0;
				TARGETED_DEVICE_FAMILY = "1,2";
			};
			name = Release;
		};
		EAEE29F123430CD300EADD04 /* Debug */ = {
			isa = XCBuildConfiguration;
			buildSettings = {
				BUNDLE_LOADER = "$(TEST_HOST)";
				CODE_SIGN_STYLE = Automatic;
				DEVELOPMENT_TEAM = 93KKH99Z5P;
				INFOPLIST_FILE = PulsrTests/Info.plist;
				LD_RUNPATH_SEARCH_PATHS = (
					"$(inherited)",
					"@executable_path/Frameworks",
					"@loader_path/Frameworks",
				);
				PRODUCT_BUNDLE_IDENTIFIER = com.danielyount.PulsrTests;
				PRODUCT_NAME = "$(TARGET_NAME)";
				SWIFT_VERSION = 5.0;
				TARGETED_DEVICE_FAMILY = "1,2";
				TEST_HOST = "$(BUILT_PRODUCTS_DIR)/Pulsr.app/Pulsr";
			};
			name = Debug;
		};
		EAEE29F223430CD300EADD04 /* Release */ = {
			isa = XCBuildConfiguration;
			buildSettings = {
				BUNDLE_LOADER = "$(TEST_HOST)";
				CODE_SIGN_STYLE = Automatic;
				DEVELOPMENT_TEAM = 93KKH99Z5P;
				INFOPLIST_FILE = PulsrTests/Info.plist;
				LD_RUNPATH_SEARCH_PATHS = (
					"$(inherited)",
					"@executable_path/Frameworks",
					"@loader_path/Frameworks",
				);
				PRODUCT_BUNDLE_IDENTIFIER = com.danielyount.PulsrTests;
				PRODUCT_NAME = "$(TARGET_NAME)";
				SWIFT_VERSION = 5.0;
				TARGETED_DEVICE_FAMILY = "1,2";
				TEST_HOST = "$(BUILT_PRODUCTS_DIR)/Pulsr.app/Pulsr";
			};
			name = Release;
		};
/* End XCBuildConfiguration section */

/* Begin XCConfigurationList section */
		EAEE2988234304A100EADD04 /* Build configuration list for PBXProject "Pulsr" */ = {
			isa = XCConfigurationList;
			buildConfigurations = (
				EAEE299F234304A200EADD04 /* Debug */,
				EAEE29A0234304A200EADD04 /* Release */,
			);
			defaultConfigurationIsVisible = 0;
			defaultConfigurationName = Release;
		};
		EAEE29A1234304A200EADD04 /* Build configuration list for PBXNativeTarget "Pulsr" */ = {
			isa = XCConfigurationList;
			buildConfigurations = (
				EAEE29A2234304A200EADD04 /* Debug */,
				EAEE29A3234304A200EADD04 /* Release */,
			);
			defaultConfigurationIsVisible = 0;
			defaultConfigurationName = Release;
		};
		EAEE29F023430CD300EADD04 /* Build configuration list for PBXNativeTarget "PulsrTests" */ = {
			isa = XCConfigurationList;
			buildConfigurations = (
				EAEE29F123430CD300EADD04 /* Debug */,
				EAEE29F223430CD300EADD04 /* Release */,
			);
			defaultConfigurationIsVisible = 0;
			defaultConfigurationName = Release;
		};
/* End XCConfigurationList section */
	};
	rootObject = EAEE2985234304A100EADD04 /* Project object */;
}
